
Microsoft Visual Studio Solution File, Format Version 12.00
# Visual Studio 15
VisualStudioVersion = 15.0.27130.2010
MinimumVisualStudioVersion = 10.0.40219.1
Project("{FAE04EC0-301F-11D3-BF4B-00C04F79EFBC}") = "Carpool", "Carpool\Carpool.csproj", "{D3A718B6-B6B0-46B0-8082-1140CC96B103}"
EndProject
Project("{FAE04EC0-301F-11D3-BF4B-00C04F79EFBC}") = "Carpool.Tests", "Carpool.Tests\Carpool.Tests.csproj", "{B3C0EBCA-A633-45E5-AFE0-1AF7DAA5F2E6}"
EndProject
Global
	GlobalSection(SolutionConfigurationPlatforms) = preSolution
		Debug|Any CPU = Debug|Any CPU
		Release|Any CPU = Release|Any CPU
	EndGlobalSection
	GlobalSection(ProjectConfigurationPlatforms) = postSolution
		{D3A718B6-B6B0-46B0-8082-1140CC96B103}.Debug|Any CPU.ActiveCfg = Debug|Any CPU
		{D3A718B6-B6B0-46B0-8082-1140CC96B103}.Debug|Any CPU.Build.0 = Debug|Any CPU
		{D3A718B6-B6B0-46B0-8082-1140CC96B103}.Release|Any CPU.ActiveCfg = Release|Any CPU
		{D3A718B6-B6B0-46B0-8082-1140CC96B103}.Release|Any CPU.Build.0 = Release|Any CPU
		{B3C0EBCA-A633-45E5-AFE0-1AF7DAA5F2E6}.Debug|Any CPU.ActiveCfg = Debug|Any CPU
		{B3C0EBCA-A633-45E5-AFE0-1AF7DAA5F2E6}.Debug|Any CPU.Build.0 = Debug|Any CPU
		{B3C0EBCA-A633-45E5-AFE0-1AF7DAA5F2E6}.Release|Any CPU.ActiveCfg = Release|Any CPU
		{B3C0EBCA-A633-45E5-AFE0-1AF7DAA5F2E6}.Release|Any CPU.Build.0 = Release|Any CPU
	EndGlobalSection
	GlobalSection(SolutionProperties) = preSolution
		HideSolutionNode = FALSE
	EndGlobalSection
	GlobalSection(ExtensibilityGlobals) = postSolution
		SolutionGuid = {01272A43-EA7B-4363-B788-7B121EBC4412}
	EndGlobalSection
EndGlobal
